
Microsoft Visual Studio Solution File, Format Version 12.00
# Visual Studio Version 17
VisualStudioVersion = 17.4.33213.308
MinimumVisualStudioVersion = 10.0.40219.1
Project("{FAE04EC0-301F-11D3-BF4B-00C04F79EFBC}") = "MappingAssertionDemo", "MappingAssertionDemo\MappingAssertionDemo.csproj", "{ABC60E28-B4AF-45CE-ACFE-05D9A5B47540}"
EndProject
Project("{FAE04EC0-301F-11D3-BF4B-00C04F79EFBC}") = "MappingAssertionDemo.FluentAssertions.Test.Unit", "MappingAssertionDemo.FluentAssertions.Test.Unit\MappingAssertionDemo.FluentAssertions.Test.Unit.csproj", "{32637FCD-9C84-4B5F-B20B-B5244B76AEF8}"
EndProject
Project("{FAE04EC0-301F-11D3-BF4B-00C04F79EFBC}") = "MappingAssertion.Shouldly.Test.Unit", "MappingAssertion.Shouldly.Test.Unit\MappingAssertion.Shouldly.Test.Unit.csproj", "{2407BAEA-42FE-4F72-AE6F-1D4FC44085EE}"
EndProject
Global
	GlobalSection(SolutionConfigurationPlatforms) = preSolution
		Debug|Any CPU = Debug|Any CPU
		Release|Any CPU = Release|Any CPU
	EndGlobalSection
	GlobalSection(ProjectConfigurationPlatforms) = postSolution
		{ABC60E28-B4AF-45CE-ACFE-05D9A5B47540}.Debug|Any CPU.ActiveCfg = Debug|Any CPU
		{ABC60E28-B4AF-45CE-ACFE-05D9A5B47540}.Debug|Any CPU.Build.0 = Debug|Any CPU
		{ABC60E28-B4AF-45CE-ACFE-05D9A5B47540}.Release|Any CPU.ActiveCfg = Release|Any CPU
		{ABC60E28-B4AF-45CE-ACFE-05D9A5B47540}.Release|Any CPU.Build.0 = Release|Any CPU
		{32637FCD-9C84-4B5F-B20B-B5244B76AEF8}.Debug|Any CPU.ActiveCfg = Debug|Any CPU
		{32637FCD-9C84-4B5F-B20B-B5244B76AEF8}.Debug|Any CPU.Build.0 = Debug|Any CPU
		{32637FCD-9C84-4B5F-B20B-B5244B76AEF8}.Release|Any CPU.ActiveCfg = Release|Any CPU
		{32637FCD-9C84-4B5F-B20B-B5244B76AEF8}.Release|Any CPU.Build.0 = Release|Any CPU
		{2407BAEA-42FE-4F72-AE6F-1D4FC44085EE}.Debug|Any CPU.ActiveCfg = Debug|Any CPU
		{2407BAEA-42FE-4F72-AE6F-1D4FC44085EE}.Debug|Any CPU.Build.0 = Debug|Any CPU
		{2407BAEA-42FE-4F72-AE6F-1D4FC44085EE}.Release|Any CPU.ActiveCfg = Release|Any CPU
		{2407BAEA-42FE-4F72-AE6F-1D4FC44085EE}.Release|Any CPU.Build.0 = Release|Any CPU
	EndGlobalSection
	GlobalSection(SolutionProperties) = preSolution
		HideSolutionNode = FALSE
	EndGlobalSection
	GlobalSection(ExtensibilityGlobals) = postSolution
		SolutionGuid = {40383391-59DD-4479-B375-99ED4DE8C59B}
	EndGlobalSection
EndGlobal
